
Microsoft Visual Studio Solution File, Format Version 12.00
# Visual Studio Version 17
VisualStudioVersion = 17.6.33815.320
MinimumVisualStudioVersion = 10.0.40219.1
Project("{FAE04EC0-301F-11D3-BF4B-00C04F79EFBC}") = "BudgetApp.Android", "BudgetApp\BudgetApp.Android\BudgetApp.Android.csproj", "{2BD0F0DC-89B0-4D85-A94C-8F4F3E53DC47}"
EndProject
Project("{FAE04EC0-301F-11D3-BF4B-00C04F79EFBC}") = "BudgetApp", "BudgetApp\BudgetApp\BudgetApp.csproj", "{9EECCC65-D057-49F7-9D3C-E040BC78F067}"
EndProject
Global
	GlobalSection(SolutionConfigurationPlatforms) = preSolution
		Debug|Any CPU = Debug|Any CPU
		Release|Any CPU = Release|Any CPU
	EndGlobalSection
	GlobalSection(ProjectConfigurationPlatforms) = postSolution
		{2BD0F0DC-89B0-4D85-A94C-8F4F3E53DC47}.Debug|Any CPU.ActiveCfg = Debug|Any CPU
		{2BD0F0DC-89B0-4D85-A94C-8F4F3E53DC47}.Debug|Any CPU.Build.0 = Debug|Any CPU
		{2BD0F0DC-89B0-4D85-A94C-8F4F3E53DC47}.Debug|Any CPU.Deploy.0 = Debug|Any CPU
		{2BD0F0DC-89B0-4D85-A94C-8F4F3E53DC47}.Release|Any CPU.ActiveCfg = Release|Any CPU
		{2BD0F0DC-89B0-4D85-A94C-8F4F3E53DC47}.Release|Any CPU.Build.0 = Release|Any CPU
		{2BD0F0DC-89B0-4D85-A94C-8F4F3E53DC47}.Release|Any CPU.Deploy.0 = Release|Any CPU
		{9EECCC65-D057-49F7-9D3C-E040BC78F067}.Debug|Any CPU.ActiveCfg = Debug|Any CPU
		{9EECCC65-D057-49F7-9D3C-E040BC78F067}.Debug|Any CPU.Build.0 = Debug|Any CPU
		{9EECCC65-D057-49F7-9D3C-E040BC78F067}.Debug|Any CPU.Deploy.0 = Debug|Any CPU
		{9EECCC65-D057-49F7-9D3C-E040BC78F067}.Release|Any CPU.ActiveCfg = Release|Any CPU
		{9EECCC65-D057-49F7-9D3C-E040BC78F067}.Release|Any CPU.Build.0 = Release|Any CPU
		{9EECCC65-D057-49F7-9D3C-E040BC78F067}.Release|Any CPU.Deploy.0 = Release|Any CPU
	EndGlobalSection
	GlobalSection(SolutionProperties) = preSolution
		HideSolutionNode = FALSE
	EndGlobalSection
	GlobalSection(ExtensibilityGlobals) = postSolution
		SolutionGuid = {1178108C-F581-4CA9-BFDD-19FD19199FCD}
	EndGlobalSection
EndGlobal
